{
  "version": 4,
  "terraform_version": "1.4.2",
  "serial": 726,
  "lineage": "7d3f831d-1945-30b0-4346-db6b4449a141",
  "outputs": {
    "Loadbalancer-IPv4-Address": {
      "value": "35.201.89.236",
      "type": "string"
    },
    "label_version": {
      "value": "v1-66ff851",
      "type": "string"
    },
    "metatdata_version": {
      "value": "v1-66ff851",
      "type": "string"
    },
    "shell_stdout": {
      "value": "66ff851",
      "type": "string"
    },
    "template_name": {
      "value": "testing-animo-backend-template-3-0-0-66ff851",
      "type": "string"
    }
  },
  "resources": [
    {
      "mode": "data",
      "type": "google_compute_network",
      "name": "network",
      "provider": "provider[\"registry.terraform.io/hashicorp/google\"]",
      "instances": [
        {
          "schema_version": 0,
          "attributes": {
            "description": "Default network for the project",
            "gateway_ipv4": "",
            "id": "projects/testing-project-371619/global/networks/default",
            "name": "default",
            "project": null,
            "self_link": "https://www.googleapis.com/compute/v1/projects/testing-project-371619/global/networks/default",
            "subnetworks_self_links": [
              "https://www.googleapis.com/compute/v1/projects/testing-project-371619/regions/us-east4/subnetworks/default",
              "https://www.googleapis.com/compute/v1/projects/testing-project-371619/regions/europe-west12/subnetworks/default",
              "https://www.googleapis.com/compute/v1/projects/testing-project-371619/regions/us-south1/subnetworks/default",
              "https://www.googleapis.com/compute/v1/projects/testing-project-371619/regions/us-east5/subnetworks/default",
              "https://www.googleapis.com/compute/v1/projects/testing-project-371619/regions/asia-northeast2/subnetworks/default",
              "https://www.googleapis.com/compute/v1/projects/testing-project-371619/regions/europe-west9/subnetworks/default",
              "https://www.googleapis.com/compute/v1/projects/testing-project-371619/regions/asia-east1/subnetworks/default",
              "https://www.googleapis.com/compute/v1/projects/testing-project-371619/regions/europe-west8/subnetworks/default",
              "https://www.googleapis.com/compute/v1/projects/testing-project-371619/regions/asia-southeast1/subnetworks/default",
              "https://www.googleapis.com/compute/v1/projects/testing-project-371619/regions/us-west3/subnetworks/default",
              "https://www.googleapis.com/compute/v1/projects/testing-project-371619/regions/australia-southeast1/subnetworks/default",
              "https://www.googleapis.com/compute/v1/projects/testing-project-371619/regions/europe-west6/subnetworks/default",
              "https://www.googleapis.com/compute/v1/projects/testing-project-371619/regions/europe-west1/subnetworks/default",
              "https://www.googleapis.com/compute/v1/projects/testing-project-371619/regions/asia-east2/subnetworks/default",
              "https://www.googleapis.com/compute/v1/projects/testing-project-371619/regions/us-west1/subnetworks/default",
              "https://www.googleapis.com/compute/v1/projects/testing-project-371619/regions/us-east1/subnetworks/default",
              "https://www.googleapis.com/compute/v1/projects/testing-project-371619/regions/australia-southeast2/subnetworks/default",
              "https://www.googleapis.com/compute/v1/projects/testing-project-371619/regions/asia-northeast3/subnetworks/default",
              "https://www.googleapis.com/compute/v1/projects/testing-project-371619/regions/asia-southeast2/subnetworks/default",
              "https://www.googleapis.com/compute/v1/projects/testing-project-371619/regions/asia-south1/subnetworks/default",
              "https://www.googleapis.com/compute/v1/projects/testing-project-371619/regions/us-west2/subnetworks/default",
              "https://www.googleapis.com/compute/v1/projects/testing-project-371619/regions/us-central1/subnetworks/default",
              "https://www.googleapis.com/compute/v1/projects/testing-project-371619/regions/asia-northeast1/subnetworks/default",
              "https://www.googleapis.com/compute/v1/projects/testing-project-371619/regions/europe-west3/subnetworks/default",
              "https://www.googleapis.com/compute/v1/projects/testing-project-371619/regions/northamerica-northeast2/subnetworks/default",
              "https://www.googleapis.com/compute/v1/projects/testing-project-371619/regions/us-west4/subnetworks/default",
              "https://www.googleapis.com/compute/v1/projects/testing-project-371619/regions/northamerica-northeast1/subnetworks/default",
              "https://www.googleapis.com/compute/v1/projects/testing-project-371619/regions/europe-southwest1/subnetworks/default",
              "https://www.googleapis.com/compute/v1/projects/testing-project-371619/regions/europe-north1/subnetworks/default",
              "https://www.googleapis.com/compute/v1/projects/testing-project-371619/regions/me-central1/subnetworks/default",
              "https://www.googleapis.com/compute/v1/projects/testing-project-371619/regions/asia-south2/subnetworks/default",
              "https://www.googleapis.com/compute/v1/projects/testing-project-371619/regions/southamerica-west1/subnetworks/default",
              "https://www.googleapis.com/compute/v1/projects/testing-project-371619/regions/me-west1/subnetworks/default",
              "https://www.googleapis.com/compute/v1/projects/testing-project-371619/regions/europe-central2/subnetworks/default",
              "https://www.googleapis.com/compute/v1/projects/testing-project-371619/regions/europe-west4/subnetworks/default",
              "https://www.googleapis.com/compute/v1/projects/testing-project-371619/regions/southamerica-east1/subnetworks/default",
              "https://www.googleapis.com/compute/v1/projects/testing-project-371619/regions/europe-west2/subnetworks/default",
              "https://www.googleapis.com/compute/v1/projects/testing-project-371619/regions/us-east7/subnetworks/default"
            ]
          },
          "sensitive_attributes": []
        }
      ]
    },
    {
      "mode": "data",
      "type": "google_compute_subnetwork",
      "name": "subnet",
      "provider": "provider[\"registry.terraform.io/hashicorp/google\"]",
      "instances": [
        {
          "schema_version": 0,
          "attributes": {
            "description": "",
            "gateway_address": "10.128.0.1",
            "id": "projects/testing-project-371619/regions/us-central1/subnetworks/default",
            "ip_cidr_range": "10.128.0.0/20",
            "name": "default",
            "network": "https://www.googleapis.com/compute/v1/projects/testing-project-371619/global/networks/default",
            "private_ip_google_access": false,
            "project": "testing-project-371619",
            "region": "us-central1",
            "secondary_ip_range": [],
            "self_link": "https://www.googleapis.com/compute/v1/projects/testing-project-371619/regions/us-central1/subnetworks/default"
          },
          "sensitive_attributes": []
        }
      ]
    },
    {
      "mode": "data",
      "type": "local_file",
      "name": "stdout",
      "provider": "provider[\"registry.terraform.io/hashicorp/local\"]",
      "instances": [
        {
          "schema_version": 0,
          "attributes": {
            "content": "66ff851",
            "content_base64": "NjZmZjg1MQ==",
            "content_base64sha256": "khutRjwyo0YEONMBWDtG5GL7FQZFXZaz63OC71Ja+7A=",
            "content_base64sha512": "hTHaXyGYVsxUA1z7yJZitXUM2B5aRoYgngW/TtI96KOTHc9ZmGdOqFpE8fsCwXjnb4r/8YCxuaYtFkdA3X8Lrg==",
            "content_md5": "d62a3924a1aa0336c17740fef7acfac0",
            "content_sha1": "e83bb0ddd51029e5eaab76bf769992f5f857a795",
            "content_sha256": "921bad463c32a3460438d301583b46e462fb1506455d96b3eb7382ef525afbb0",
            "content_sha512": "8531da5f219856cc54035cfbc89662b5750cd81e5a4686209e05bf4ed23de8a3931dcf5998674ea85a44f1fb02c178e76f8afff180b1b9a62d164740dd7f0bae",
            "filename": "./stdout.txt",
            "id": "e83bb0ddd51029e5eaab76bf769992f5f857a795"
          },
          "sensitive_attributes": []
        }
      ]
    },
    {
      "mode": "managed",
      "type": "google_compute_autoscaler",
      "name": "this",
      "provider": "provider[\"registry.terraform.io/hashicorp/google\"]",
      "instances": [
        {
          "schema_version": 0,
          "attributes": {
            "autoscaling_policy": [
              {
                "cooldown_period": 30,
                "cpu_utilization": [
                  {
                    "target": 0.8
                  }
                ],
                "load_balancing_utilization": [],
                "max_replicas": 3,
                "metric": [],
                "min_replicas": 1,
                "mode": "ON",
                "scale_in_control": []
              }
            ],
            "creation_timestamp": "2023-05-17T10:40:54.886-07:00",
            "description": "",
            "id": "projects/testing-project-371619/zones/us-central1-a/autoscalers/testing-animo-backend-group-autoscaler",
            "name": "testing-animo-backend-group-autoscaler",
            "project": "testing-project-371619",
            "self_link": "https://www.googleapis.com/compute/v1/projects/testing-project-371619/zones/us-central1-a/autoscalers/testing-animo-backend-group-autoscaler",
            "target": "https://www.googleapis.com/compute/v1/projects/testing-project-371619/zones/us-central1-a/instanceGroupManagers/testing-animo-backend-group-66ff851",
            "timeouts": null,
            "zone": "https://www.googleapis.com/compute/v1/projects/testing-project-371619/zones/us-central1-a"
          },
          "sensitive_attributes": [],
          "private": "eyJlMmJmYjczMC1lY2FhLTExZTYtOGY4OC0zNDM2M2JjN2M0YzAiOnsiY3JlYXRlIjoyNDAwMDAwMDAwMDAsImRlbGV0ZSI6MjQwMDAwMDAwMDAwLCJ1cGRhdGUiOjI0MDAwMDAwMDAwMH19",
          "dependencies": [
            "data.local_file.stdout",
            "google_compute_health_check.https_health_check",
            "google_compute_instance_group_manager.this",
            "google_compute_instance_template.this",
            "null_resource.std"
          ]
        }
      ]
    },
    {
      "mode": "managed",
      "type": "google_compute_backend_service",
      "name": "this",
      "provider": "provider[\"registry.terraform.io/hashicorp/google\"]",
      "instances": [
        {
          "schema_version": 1,
          "attributes": {
            "affinity_cookie_ttl_sec": 0,
            "backend": [
              {
                "balancing_mode": "UTILIZATION",
                "capacity_scaler": 1,
                "description": "",
                "group": "https://www.googleapis.com/compute/v1/projects/testing-project-371619/zones/us-central1-a/instanceGroups/testing-animo-backend-group-66ff851",
                "max_connections": null,
                "max_connections_per_endpoint": null,
                "max_connections_per_instance": null,
                "max_rate": null,
                "max_rate_per_endpoint": null,
                "max_rate_per_instance": 500,
                "max_utilization": 0.8
              }
            ],
            "cdn_policy": [],
            "circuit_breakers": [],
            "connection_draining_timeout_sec": 300,
            "consistent_hash": [],
            "creation_timestamp": "2023-05-17T10:40:54.881-07:00",
            "custom_request_headers": null,
            "description": "",
            "enable_cdn": false,
            "fingerprint": "M2TOYF5tL5o=",
            "health_checks": [
              "https://www.googleapis.com/compute/v1/projects/testing-project-371619/global/healthChecks/testing-animo-backend-group-health-check"
            ],
            "iap": [],
            "id": "projects/testing-project-371619/global/backendServices/testing-animo-backend-load-balancer-backend-service",
            "load_balancing_scheme": "EXTERNAL",
            "locality_lb_policy": "",
            "log_config": [],
            "name": "testing-animo-backend-load-balancer-backend-service",
            "outlier_detection": [],
            "port_name": "https",
            "project": "testing-project-371619",
            "protocol": "HTTPS",
            "security_policy": "",
            "self_link": "https://www.googleapis.com/compute/v1/projects/testing-project-371619/global/backendServices/testing-animo-backend-load-balancer-backend-service",
            "session_affinity": "NONE",
            "timeout_sec": 10,
            "timeouts": null
          },
          "sensitive_attributes": [],
          "private": "eyJlMmJmYjczMC1lY2FhLTExZTYtOGY4OC0zNDM2M2JjN2M0YzAiOnsiY3JlYXRlIjoyNDAwMDAwMDAwMDAsImRlbGV0ZSI6MjQwMDAwMDAwMDAwLCJ1cGRhdGUiOjI0MDAwMDAwMDAwMH0sInNjaGVtYV92ZXJzaW9uIjoiMSJ9",
          "dependencies": [
            "data.local_file.stdout",
            "google_compute_health_check.https_health_check",
            "google_compute_instance_group_manager.this",
            "google_compute_instance_template.this",
            "null_resource.std"
          ]
        }
      ]
    },
    {
      "mode": "managed",
      "type": "google_compute_firewall",
      "name": "this",
      "provider": "provider[\"registry.terraform.io/hashicorp/google\"]",
      "instances": [
        {
          "schema_version": 1,
          "attributes": {
            "allow": [
              {
                "ports": [
                  "80",
                  "443"
                ],
                "protocol": "tcp"
              }
            ],
            "creation_timestamp": "2023-05-17T10:40:21.887-07:00",
            "deny": [],
            "description": "",
            "destination_ranges": [],
            "direction": "INGRESS",
            "disabled": false,
            "enable_logging": null,
            "id": "projects/testing-project-371619/global/firewalls/testing-animo-backend-load-balancer-allow-healthcheck",
            "log_config": [],
            "name": "testing-animo-backend-load-balancer-allow-healthcheck",
            "network": "https://www.googleapis.com/compute/v1/projects/testing-project-371619/global/networks/default",
            "priority": 1000,
            "project": "testing-project-371619",
            "self_link": "https://www.googleapis.com/compute/v1/projects/testing-project-371619/global/firewalls/testing-animo-backend-load-balancer-allow-healthcheck",
            "source_ranges": [
              "0.0.0.0/0",
              "130.211.0.0/22",
              "35.191.0.0/16"
            ],
            "source_service_accounts": null,
            "source_tags": null,
            "target_service_accounts": null,
            "target_tags": [
              "backend",
              "http-server",
              "https-server"
            ],
            "timeouts": null
          },
          "sensitive_attributes": [],
          "private": "eyJlMmJmYjczMC1lY2FhLTExZTYtOGY4OC0zNDM2M2JjN2M0YzAiOnsiY3JlYXRlIjoyNDAwMDAwMDAwMDAsImRlbGV0ZSI6MjQwMDAwMDAwMDAwLCJ1cGRhdGUiOjI0MDAwMDAwMDAwMH0sInNjaGVtYV92ZXJzaW9uIjoiMSJ9",
          "dependencies": [
            "data.google_compute_network.network"
          ]
        }
      ]
    },
    {
      "mode": "managed",
      "type": "google_compute_global_forwarding_rule",
      "name": "https",
      "provider": "provider[\"registry.terraform.io/hashicorp/google\"]",
      "instances": [
        {
          "schema_version": 0,
          "attributes": {
            "description": "",
            "id": "projects/testing-project-371619/global/forwardingRules/testing-animo-backend-load-balancer-frontend-service",
            "ip_address": "35.201.89.236",
            "ip_protocol": "TCP",
            "ip_version": "",
            "load_balancing_scheme": "EXTERNAL",
            "metadata_filters": [],
            "name": "testing-animo-backend-load-balancer-frontend-service",
            "port_range": "443-443",
            "project": "testing-project-371619",
            "self_link": "https://www.googleapis.com/compute/v1/projects/testing-project-371619/global/forwardingRules/testing-animo-backend-load-balancer-frontend-service",
            "target": "https://www.googleapis.com/compute/v1/projects/testing-project-371619/global/targetHttpsProxies/testing-animo-backend-load-balancer-https-proxy",
            "timeouts": null
          },
          "sensitive_attributes": [],
          "private": "eyJlMmJmYjczMC1lY2FhLTExZTYtOGY4OC0zNDM2M2JjN2M0YzAiOnsiY3JlYXRlIjoyNDAwMDAwMDAwMDAsImRlbGV0ZSI6MjQwMDAwMDAwMDAwLCJ1cGRhdGUiOjI0MDAwMDAwMDAwMH19",
          "dependencies": [
            "data.local_file.stdout",
            "google_compute_backend_service.this",
            "google_compute_health_check.https_health_check",
            "google_compute_instance_group_manager.this",
            "google_compute_instance_template.this",
            "google_compute_target_https_proxy.https",
            "google_compute_url_map.https",
            "null_resource.std"
          ]
        }
      ]
    },
    {
      "mode": "managed",
      "type": "google_compute_health_check",
      "name": "https_health_check",
      "provider": "provider[\"registry.terraform.io/hashicorp/google\"]",
      "instances": [
        {
          "schema_version": 0,
          "attributes": {
            "check_interval_sec": 120,
            "creation_timestamp": "2023-05-17T10:40:21.905-07:00",
            "description": "",
            "grpc_health_check": [],
            "healthy_threshold": 2,
            "http2_health_check": [],
            "http_health_check": [],
            "https_health_check": [
              {
                "host": "",
                "port": 443,
                "port_name": "",
                "port_specification": "",
                "proxy_header": "NONE",
                "request_path": "/",
                "response": "Healthy"
              }
            ],
            "id": "projects/testing-project-371619/global/healthChecks/testing-animo-backend-group-health-check",
            "name": "testing-animo-backend-group-health-check",
            "project": "testing-project-371619",
            "self_link": "https://www.googleapis.com/compute/v1/projects/testing-project-371619/global/healthChecks/testing-animo-backend-group-health-check",
            "ssl_health_check": [],
            "tcp_health_check": [],
            "timeout_sec": 5,
            "timeouts": null,
            "type": "HTTPS",
            "unhealthy_threshold": 2
          },
          "sensitive_attributes": [],
          "private": "eyJlMmJmYjczMC1lY2FhLTExZTYtOGY4OC0zNDM2M2JjN2M0YzAiOnsiY3JlYXRlIjoyNDAwMDAwMDAwMDAsImRlbGV0ZSI6MjQwMDAwMDAwMDAwLCJ1cGRhdGUiOjI0MDAwMDAwMDAwMH19"
        }
      ]
    },
    {
      "mode": "managed",
      "type": "google_compute_instance_group_manager",
      "name": "this",
      "provider": "provider[\"registry.terraform.io/hashicorp/google\"]",
      "instances": [
        {
          "schema_version": 0,
          "attributes": {
            "auto_healing_policies": [
              {
                "health_check": "https://www.googleapis.com/compute/beta/projects/testing-project-371619/global/healthChecks/testing-animo-backend-group-health-check",
                "initial_delay_sec": 300
              }
            ],
            "base_instance_name": "testing-animo-backend-group",
            "description": "",
            "fingerprint": "3PI5NcDE7V8=",
            "id": "projects/testing-project-371619/zones/us-central1-a/instanceGroupManagers/testing-animo-backend-group-66ff851",
            "instance_group": "https://www.googleapis.com/compute/v1/projects/testing-project-371619/zones/us-central1-a/instanceGroups/testing-animo-backend-group-66ff851",
            "name": "testing-animo-backend-group-66ff851",
            "named_port": [
              {
                "name": "https",
                "port": 443
              }
            ],
            "operation": null,
            "project": "testing-project-371619",
            "self_link": "https://www.googleapis.com/compute/v1/projects/testing-project-371619/zones/us-central1-a/instanceGroupManagers/testing-animo-backend-group-66ff851",
            "stateful_disk": [],
            "target_pools": null,
            "target_size": 1,
            "timeouts": null,
            "update_policy": [
              {
                "max_surge_fixed": 1,
                "max_surge_percent": 0,
                "max_unavailable_fixed": 1,
                "max_unavailable_percent": 0,
                "min_ready_sec": 0,
                "minimal_action": "REPLACE",
                "replacement_method": "SUBSTITUTE",
                "type": "OPPORTUNISTIC"
              }
            ],
            "version": [
              {
                "instance_template": "https://www.googleapis.com/compute/v1/projects/testing-project-371619/global/instanceTemplates/testing-animo-backend-template-3-0-0-66ff851",
                "name": "v1-66ff851",
                "target_size": []
              }
            ],
            "wait_for_instances": false,
            "zone": "us-central1-a"
          },
          "sensitive_attributes": [],
          "private": "eyJlMmJmYjczMC1lY2FhLTExZTYtOGY4OC0zNDM2M2JjN2M0YzAiOnsiY3JlYXRlIjozMDAwMDAwMDAwMDAsImRlbGV0ZSI6OTAwMDAwMDAwMDAwLCJ1cGRhdGUiOjMwMDAwMDAwMDAwMH19",
          "dependencies": [
            "data.local_file.stdout",
            "google_compute_health_check.https_health_check",
            "google_compute_instance_template.this",
            "null_resource.std"
          ]
        }
      ]
    },
    {
      "mode": "managed",
      "type": "google_compute_instance_template",
      "name": "this",
      "provider": "provider[\"registry.terraform.io/hashicorp/google\"]",
      "instances": [
        {
          "schema_version": 1,
          "attributes": {
            "can_ip_forward": false,
            "confidential_instance_config": null,
            "description": "vm server template",
            "disk": [
              {
                "auto_delete": true,
                "boot": true,
                "device_name": "persistent-disk-0",
                "disk_encryption_key": [],
                "disk_name": "",
                "disk_size_gb": 0,
                "disk_type": "pd-balanced",
                "interface": "SCSI",
                "labels": null,
                "mode": "READ_WRITE",
                "resource_policies": null,
                "source": "",
                "source_image": "projects/testing-project-371619/global/images/animo-backend-image-poc-new",
                "type": "PERSISTENT"
              }
            ],
            "enable_display": null,
            "guest_accelerator": [],
            "id": "projects/testing-project-371619/global/instanceTemplates/testing-animo-backend-template-3-0-0-66ff851",
            "instance_description": "This template is used to create nginx-app server instances",
            "labels": {
              "service": "testing-animo-backend-template-3-0-0",
              "version": "v1-66ff851"
            },
            "machine_type": "e2-medium",
            "metadata": {
              "block-project-ssh-keys": "false",
              "version": "v1-66ff851"
            },
            "metadata_fingerprint": "yspJUwUgTS8=",
            "metadata_startup_script": "#!/bin/bash\ndir=\"/var/www/html/Animo-Backend\"\nif [ ! -d \"$dir\" ]; then\n\tgcloud secrets versions access latest --secret=backend_id_rsa \u003e\u003e ~/.ssh/id_rsa;\n\tgcloud secrets versions access latest --secret=backend_id_rsa_pub \u003e\u003e ~/.ssh/id_rsa.pub;\n\tchmod 600 ~/.ssh/id_rsa;\n\tchmod 600 ~/.ssh/id_rsa.pub;\n\tcd /var/www/html/;\n\tsudo chown -R mngoga:mngoga /var/www/;\n\tssh-keyscan github.com \u003e\u003e ~/.ssh/known_hosts;\n\teval $(ssh-agent);\n\tssh-add ~/.ssh/id_rsa;\n\tgit clone git@github.com:Astra-Innovations/Animo-Backend.git;\n\tcd /var/www/html/Animo-Backend/backend;\n\tgit checkout;\n\tgit pull;\n\tpython -m venv env;\n\tsource env/bin/activate;\n\tpip install -r requirements.txt --use-pep517;\n\tcd /var/www/html/Animo-Backend/backend/astra;\n\tchmod u+x /var/www/html/Animo-Backend/backend/astra/vm_creation_script.py;\n\tchmod u+x /var/www/html/Animo-Backend/backend/astra/vm_startup_script.py;\n\tchmod u+x /var/www/html/Animo-Backend/backend/astra/update_file_permissions.py;\n\tchmod u+x /var/www/html/Animo-Backend/backend/astra/vm_restart_crons.py;\n\tsleep 2;\n\t/var/www/html/Animo-Backend/backend/astra/update_file_permissions.py;\n\tsleep 2;\n\t/var/www/html/Animo-Backend/backend/astra/vm_creation_script.py;\n\tsudo chmod u+x /etc/systemd/system/vm_startup_script.service;\n\tsudo systemctl daemon-reload;\n\tsudo systemctl enable vm_startup_script.service;\n\tsudo systemctl start vm_startup_script.service;\n\tsh -c \"echo \\\"MACHINE_TYPE='Backend Middleware'\\\" \u003e\u003e /var/www/html/Animo-Backend/backend/astra/.env\";\n\tsh -c \"echo \\\"DEPLOYMENT_TIER='TESTING'\\\" \u003e\u003e /var/www/html/Animo-Backend/backend/astra/.env\";\n\tsh -c \"echo \\\"PARTNER_ID=12\\\" \u003e\u003e /var/www/html/Animo-Backend/backend/astra/.env\";\n\tsh -c \"echo \\\"WITSML_CONNECTION_ID=3\\\" \u003e\u003e /var/www/html/Animo-Backend/backend/astra/.env\";\n\tsudo chown -R www-data:www-data /var/www/html/;\n\tsudo a2enmod headers;\n\tsudo a2enmod rewrite;\n\tsudo a2enmod proxy_http;\n\tsudo service apache2 restart;\n\tsudo a2enmod ssl;\n\tsudo openssl req -x509 -nodes -days 365 -newkey rsa:2048 -keyout /etc/ssl/private/apache-selfsigned.key -out /etc/ssl/certs/apache-selfsigned.crt -subj \"/C=US/ST=Texas/L=Houston/O=My Organization/OU=My Department/CN=animo-ap.pro/emailAddress=contact@astra-ai.com\";\n\tsudo a2ensite 000-default-ssl;\n\tsudo service apache2 restart;\n\t# sudo gsutil cp gs://animo-external-data/falcon-sensor_6.53.0-15003_amd64.deb /etc/falcon-sensor_6.53.0-15003_amd64.deb;\n\t# sudo dpkg -i /etc/falcon-sensor_6.53.0-15003_amd64.deb;\n\t# sudo /opt/CrowdStrike/falconctl -s --cid=585B97ED1AAE4F56BECB765BB7FE20DE-4F;\n\t# sudo service falcon-sensor start;\n\t# sudo /opt/CrowdStrike/falconctl -s --tags=\"Backend,Testing\";\n\t# sudo systemctl restart falcon-sensor;\n\tsudo timedatectl set-timezone America/Chicago;\nfi\n",
            "min_cpu_platform": "",
            "name": "testing-animo-backend-template-3-0-0-66ff851",
            "name_prefix": null,
            "network_interface": [
              {
                "access_config": [
                  {
                    "nat_ip": "",
                    "network_tier": "PREMIUM",
                    "public_ptr_domain_name": ""
                  }
                ],
                "alias_ip_range": [],
                "name": "nic0",
                "network": "https://www.googleapis.com/compute/v1/projects/testing-project-371619/global/networks/default",
                "network_ip": "",
                "nic_type": "",
                "subnetwork": "",
                "subnetwork_project": ""
              }
            ],
            "project": "testing-project-371619",
            "region": null,
            "scheduling": [
              {
                "automatic_restart": true,
                "min_node_cpus": 0,
                "node_affinities": [],
                "on_host_maintenance": "MIGRATE",
                "preemptible": false
              }
            ],
            "self_link": "https://www.googleapis.com/compute/beta/projects/testing-project-371619/global/instanceTemplates/testing-animo-backend-template-3-0-0-66ff851",
            "service_account": [
              {
                "email": "secret-manager-account@testing-project-371619.iam.gserviceaccount.com",
                "scopes": [
                  "https://www.googleapis.com/auth/cloud-platform"
                ]
              }
            ],
            "shielded_instance_config": [],
            "tags": [
              "backend",
              "http-server",
              "https-server"
            ],
            "tags_fingerprint": "",
            "timeouts": null
          },
          "sensitive_attributes": [],
          "private": "eyJlMmJmYjczMC1lY2FhLTExZTYtOGY4OC0zNDM2M2JjN2M0YzAiOnsiY3JlYXRlIjoyNDAwMDAwMDAwMDAsImRlbGV0ZSI6MjQwMDAwMDAwMDAwfSwic2NoZW1hX3ZlcnNpb24iOiIxIn0=",
          "dependencies": [
            "data.local_file.stdout",
            "null_resource.std"
          ],
          "create_before_destroy": true
        }
      ]
    },
    {
      "mode": "managed",
      "type": "google_compute_managed_ssl_certificate",
      "name": "ssl",
      "provider": "provider[\"registry.terraform.io/hashicorp/google-beta\"]",
      "instances": [
        {
          "schema_version": 0,
          "attributes": {
            "certificate_id": 5927767587076747114,
            "creation_timestamp": "2023-05-17T10:40:21.749-07:00",
            "description": "",
            "expire_time": "",
            "id": "projects/testing-project-371619/global/sslCertificates/testing-animo-backend-load-balancer-cert",
            "managed": [
              {
                "domains": [
                  "animo-ap.pro"
                ]
              }
            ],
            "name": "testing-animo-backend-load-balancer-cert",
            "project": "testing-project-371619",
            "self_link": "https://www.googleapis.com/compute/v1/projects/testing-project-371619/global/sslCertificates/testing-animo-backend-load-balancer-cert",
            "subject_alternative_names": [],
            "timeouts": null,
            "type": "MANAGED"
          },
          "sensitive_attributes": [],
          "private": "eyJlMmJmYjczMC1lY2FhLTExZTYtOGY4OC0zNDM2M2JjN2M0YzAiOnsiY3JlYXRlIjozNjAwMDAwMDAwMDAsImRlbGV0ZSI6MTgwMDAwMDAwMDAwMH19"
        }
      ]
    },
    {
      "mode": "managed",
      "type": "google_compute_target_https_proxy",
      "name": "https",
      "provider": "provider[\"registry.terraform.io/hashicorp/google\"]",
      "instances": [
        {
          "schema_version": 0,
          "attributes": {
            "creation_timestamp": "2023-05-17T10:41:27.353-07:00",
            "description": "",
            "id": "projects/testing-project-371619/global/targetHttpsProxies/testing-animo-backend-load-balancer-https-proxy",
            "name": "testing-animo-backend-load-balancer-https-proxy",
            "project": "testing-project-371619",
            "proxy_bind": false,
            "proxy_id": 369289224048389928,
            "quic_override": "NONE",
            "self_link": "https://www.googleapis.com/compute/v1/projects/testing-project-371619/global/targetHttpsProxies/testing-animo-backend-load-balancer-https-proxy",
            "ssl_certificates": [
              "https://www.googleapis.com/compute/v1/projects/testing-project-371619/global/sslCertificates/testing-animo-backend-cert"
            ],
            "ssl_policy": "",
            "timeouts": null,
            "url_map": "https://www.googleapis.com/compute/v1/projects/testing-project-371619/global/urlMaps/testing-animo-backend-load-balancer"
          },
          "sensitive_attributes": [],
          "private": "eyJlMmJmYjczMC1lY2FhLTExZTYtOGY4OC0zNDM2M2JjN2M0YzAiOnsiY3JlYXRlIjoyNDAwMDAwMDAwMDAsImRlbGV0ZSI6MjQwMDAwMDAwMDAwLCJ1cGRhdGUiOjI0MDAwMDAwMDAwMH19",
          "dependencies": [
            "data.local_file.stdout",
            "google_compute_backend_service.this",
            "google_compute_health_check.https_health_check",
            "google_compute_instance_group_manager.this",
            "google_compute_instance_template.this",
            "google_compute_url_map.https",
            "null_resource.std"
          ]
        }
      ]
    },
    {
      "mode": "managed",
      "type": "google_compute_url_map",
      "name": "https",
      "provider": "provider[\"registry.terraform.io/hashicorp/google\"]",
      "instances": [
        {
          "schema_version": 0,
          "attributes": {
            "creation_timestamp": "2023-05-17T10:41:16.204-07:00",
            "default_route_action": [],
            "default_service": "https://www.googleapis.com/compute/v1/projects/testing-project-371619/global/backendServices/testing-animo-backend-load-balancer-backend-service",
            "default_url_redirect": [],
            "description": "",
            "fingerprint": "x9JAXxofd6k=",
            "header_action": [],
            "host_rule": [],
            "id": "projects/testing-project-371619/global/urlMaps/testing-animo-backend-load-balancer",
            "map_id": 1953286614650761043,
            "name": "testing-animo-backend-load-balancer",
            "path_matcher": [],
            "project": "testing-project-371619",
            "self_link": "https://www.googleapis.com/compute/v1/projects/testing-project-371619/global/urlMaps/testing-animo-backend-load-balancer",
            "test": [],
            "timeouts": null
          },
          "sensitive_attributes": [],
          "private": "eyJlMmJmYjczMC1lY2FhLTExZTYtOGY4OC0zNDM2M2JjN2M0YzAiOnsiY3JlYXRlIjoyNDAwMDAwMDAwMDAsImRlbGV0ZSI6MjQwMDAwMDAwMDAwLCJ1cGRhdGUiOjI0MDAwMDAwMDAwMH19",
          "dependencies": [
            "data.local_file.stdout",
            "google_compute_backend_service.this",
            "google_compute_health_check.https_health_check",
            "google_compute_instance_group_manager.this",
            "google_compute_instance_template.this",
            "null_resource.std"
          ]
        }
      ]
    },
    {
      "mode": "managed",
      "type": "null_resource",
      "name": "std",
      "provider": "provider[\"registry.terraform.io/hashicorp/null\"]",
      "instances": [
        {
          "schema_version": 0,
          "attributes": {
            "id": "2126847959627255225",
            "triggers": {
              "always_run": "2023-05-17T17:40:21Z"
            }
          },
          "sensitive_attributes": [],
          "create_before_destroy": true
        }
      ]
    }
  ],
  "check_results": null
}
