{
  "version": 4,
  "terraform_version": "1.4.2",
  "serial": 84,
  "lineage": "09bacd65-49a9-746f-a14d-d14b6fcbe063",
  "outputs": {
    "shell_stdout": {
      "value": "66ff851",
      "type": "string"
    }
  },
  "resources": [
    {
      "mode": "data",
      "type": "local_file",
      "name": "stdout",
      "provider": "provider[\"registry.terraform.io/hashicorp/local\"]",
      "instances": [
        {
          "schema_version": 0,
          "attributes": {
            "content": "66ff851",
            "content_base64": "NjZmZjg1MQ==",
            "content_base64sha256": "khutRjwyo0YEONMBWDtG5GL7FQZFXZaz63OC71Ja+7A=",
            "content_base64sha512": "hTHaXyGYVsxUA1z7yJZitXUM2B5aRoYgngW/TtI96KOTHc9ZmGdOqFpE8fsCwXjnb4r/8YCxuaYtFkdA3X8Lrg==",
            "content_md5": "d62a3924a1aa0336c17740fef7acfac0",
            "content_sha1": "e83bb0ddd51029e5eaab76bf769992f5f857a795",
            "content_sha256": "921bad463c32a3460438d301583b46e462fb1506455d96b3eb7382ef525afbb0",
            "content_sha512": "8531da5f219856cc54035cfbc89662b5750cd81e5a4686209e05bf4ed23de8a3931dcf5998674ea85a44f1fb02c178e76f8afff180b1b9a62d164740dd7f0bae",
            "filename": "./stdout.txt",
            "id": "e83bb0ddd51029e5eaab76bf769992f5f857a795"
          },
          "sensitive_attributes": []
        }
      ]
    },
    {
      "mode": "managed",
      "type": "google_compute_autoscaler",
      "name": "wa-autoscaler",
      "provider": "provider[\"registry.terraform.io/hashicorp/google\"]",
      "instances": [
        {
          "schema_version": 0,
          "attributes": {
            "autoscaling_policy": [
              {
                "cooldown_period": 30,
                "cpu_utilization": [
                  {
                    "predictive_method": "NONE",
                    "target": 0.8
                  }
                ],
                "load_balancing_utilization": [],
                "max_replicas": 3,
                "metric": [],
                "min_replicas": 1,
                "mode": "ON",
                "scale_in_control": [],
                "scaling_schedules": []
              }
            ],
            "creation_timestamp": "2023-05-17T11:11:26.332-07:00",
            "description": "",
            "id": "projects/testing-project-371619/zones/us-central1-a/autoscalers/wa-autoscaler",
            "name": "wa-autoscaler",
            "project": "testing-project-371619",
            "self_link": "https://www.googleapis.com/compute/v1/projects/testing-project-371619/zones/us-central1-a/autoscalers/wa-autoscaler",
            "target": "https://www.googleapis.com/compute/v1/projects/testing-project-371619/zones/us-central1-a/instanceGroupManagers/testing-partner-12-workover-analytics-group-66ff851",
            "timeouts": null,
            "zone": "https://www.googleapis.com/compute/v1/projects/testing-project-371619/zones/us-central1-a"
          },
          "sensitive_attributes": [],
          "private": "eyJlMmJmYjczMC1lY2FhLTExZTYtOGY4OC0zNDM2M2JjN2M0YzAiOnsiY3JlYXRlIjoxMjAwMDAwMDAwMDAwLCJkZWxldGUiOjEyMDAwMDAwMDAwMDAsInVwZGF0ZSI6MTIwMDAwMDAwMDAwMH19",
          "dependencies": [
            "data.local_file.stdout",
            "google_compute_health_check.wa-https-health-check",
            "google_compute_instance_group_manager.wa-instance-grp-manager",
            "google_compute_instance_template.wa-instance-temp",
            "null_resource.std"
          ]
        }
      ]
    },
    {
      "mode": "managed",
      "type": "google_compute_forwarding_rule",
      "name": "default",
      "provider": "provider[\"registry.terraform.io/hashicorp/google\"]",
      "instances": [
        {
          "schema_version": 0,
          "attributes": {
            "all_ports": true,
            "allow_global_access": true,
            "backend_service": "https://www.googleapis.com/compute/v1/projects/testing-project-371619/regions/us-central1/backendServices/partner-12-workover-analytics-load-balancer-wa-backend",
            "base_forwarding_rule": "",
            "creation_timestamp": "2023-05-17T11:11:37.150-07:00",
            "description": "",
            "id": "projects/testing-project-371619/regions/us-central1/forwardingRules/partner-12-workover-analytics-load-balancer-frontend-fw-rule",
            "ip_address": "10.128.0.61",
            "ip_protocol": "TCP",
            "is_mirroring_collector": false,
            "label_fingerprint": "42WmSpB8rSM=",
            "labels": null,
            "load_balancing_scheme": "INTERNAL",
            "name": "partner-12-workover-analytics-load-balancer-frontend-fw-rule",
            "network": "https://www.googleapis.com/compute/v1/projects/testing-project-371619/global/networks/default",
            "network_tier": "PREMIUM",
            "port_range": "",
            "ports": null,
            "project": "testing-project-371619",
            "psc_connection_id": "",
            "psc_connection_status": "",
            "region": "us-central1",
            "self_link": "https://www.googleapis.com/compute/v1/projects/testing-project-371619/regions/us-central1/forwardingRules/partner-12-workover-analytics-load-balancer-frontend-fw-rule",
            "service_directory_registrations": [],
            "service_label": "",
            "service_name": "",
            "source_ip_ranges": null,
            "subnetwork": "https://www.googleapis.com/compute/v1/projects/testing-project-371619/regions/us-central1/subnetworks/default",
            "target": "",
            "timeouts": null
          },
          "sensitive_attributes": [],
          "private": "eyJlMmJmYjczMC1lY2FhLTExZTYtOGY4OC0zNDM2M2JjN2M0YzAiOnsiY3JlYXRlIjoxMjAwMDAwMDAwMDAwLCJkZWxldGUiOjEyMDAwMDAwMDAwMDAsInVwZGF0ZSI6MTIwMDAwMDAwMDAwMH19",
          "dependencies": [
            "data.local_file.stdout",
            "google_compute_health_check.wa-https-health-check",
            "google_compute_instance_group_manager.wa-instance-grp-manager",
            "google_compute_instance_template.wa-instance-temp",
            "google_compute_region_backend_service.wa-backend",
            "null_resource.std"
          ]
        }
      ]
    },
    {
      "mode": "managed",
      "type": "google_compute_health_check",
      "name": "wa-https-health-check",
      "provider": "provider[\"registry.terraform.io/hashicorp/google\"]",
      "instances": [
        {
          "schema_version": 0,
          "attributes": {
            "check_interval_sec": 30,
            "creation_timestamp": "2023-05-17T11:10:53.274-07:00",
            "description": "",
            "grpc_health_check": [],
            "healthy_threshold": 3,
            "http2_health_check": [],
            "http_health_check": [],
            "https_health_check": [],
            "id": "projects/testing-project-371619/global/healthChecks/wa-health-checks",
            "log_config": [
              {
                "enable": false
              }
            ],
            "name": "wa-health-checks",
            "project": "testing-project-371619",
            "self_link": "https://www.googleapis.com/compute/v1/projects/testing-project-371619/global/healthChecks/wa-health-checks",
            "ssl_health_check": [],
            "tcp_health_check": [
              {
                "port": 80,
                "port_name": "",
                "port_specification": "",
                "proxy_header": "NONE",
                "request": "",
                "response": "Healthy"
              }
            ],
            "timeout_sec": 10,
            "timeouts": null,
            "type": "TCP",
            "unhealthy_threshold": 5
          },
          "sensitive_attributes": [],
          "private": "eyJlMmJmYjczMC1lY2FhLTExZTYtOGY4OC0zNDM2M2JjN2M0YzAiOnsiY3JlYXRlIjoxMjAwMDAwMDAwMDAwLCJkZWxldGUiOjEyMDAwMDAwMDAwMDAsInVwZGF0ZSI6MTIwMDAwMDAwMDAwMH19"
        }
      ]
    },
    {
      "mode": "managed",
      "type": "google_compute_instance_group_manager",
      "name": "wa-instance-grp-manager",
      "provider": "provider[\"registry.terraform.io/hashicorp/google\"]",
      "instances": [
        {
          "schema_version": 0,
          "attributes": {
            "auto_healing_policies": [
              {
                "health_check": "https://www.googleapis.com/compute/v1/projects/testing-project-371619/global/healthChecks/wa-health-checks",
                "initial_delay_sec": 300
              }
            ],
            "base_instance_name": "testing-partner-12-workover-analytics-group",
            "description": "",
            "fingerprint": "AtVbiRyBePg=",
            "id": "projects/testing-project-371619/zones/us-central1-a/instanceGroupManagers/testing-partner-12-workover-analytics-group-66ff851",
            "instance_group": "https://www.googleapis.com/compute/v1/projects/testing-project-371619/zones/us-central1-a/instanceGroups/testing-partner-12-workover-analytics-group-66ff851",
            "list_managed_instances_results": "PAGELESS",
            "name": "testing-partner-12-workover-analytics-group-66ff851",
            "named_port": [
              {
                "name": "tcp",
                "port": 80
              }
            ],
            "operation": null,
            "project": "testing-project-371619",
            "self_link": "https://www.googleapis.com/compute/v1/projects/testing-project-371619/zones/us-central1-a/instanceGroupManagers/testing-partner-12-workover-analytics-group-66ff851",
            "stateful_disk": [],
            "status": [
              {
                "is_stable": false,
                "stateful": [
                  {
                    "has_stateful_config": false,
                    "per_instance_configs": [
                      {
                        "all_effective": true
                      }
                    ]
                  }
                ],
                "version_target": [
                  {
                    "is_reached": true
                  }
                ]
              }
            ],
            "target_pools": null,
            "target_size": 1,
            "timeouts": null,
            "update_policy": [
              {
                "max_surge_fixed": 1,
                "max_surge_percent": 0,
                "max_unavailable_fixed": 1,
                "max_unavailable_percent": 0,
                "minimal_action": "REPLACE",
                "most_disruptive_allowed_action": "",
                "replacement_method": "SUBSTITUTE",
                "type": "OPPORTUNISTIC"
              }
            ],
            "version": [
              {
                "instance_template": "https://www.googleapis.com/compute/v1/projects/testing-project-371619/global/instanceTemplates/testing-partner-12-workover-analytics-template-3-0-0-66ff851",
                "name": "v1-66ff851",
                "target_size": []
              }
            ],
            "wait_for_instances": false,
            "wait_for_instances_status": "STABLE",
            "zone": "us-central1-a"
          },
          "sensitive_attributes": [],
          "private": "eyJlMmJmYjczMC1lY2FhLTExZTYtOGY4OC0zNDM2M2JjN2M0YzAiOnsiY3JlYXRlIjo5MDAwMDAwMDAwMDAsImRlbGV0ZSI6OTAwMDAwMDAwMDAwLCJ1cGRhdGUiOjkwMDAwMDAwMDAwMH19",
          "dependencies": [
            "data.local_file.stdout",
            "google_compute_health_check.wa-https-health-check",
            "google_compute_instance_template.wa-instance-temp",
            "null_resource.std"
          ]
        }
      ]
    },
    {
      "mode": "managed",
      "type": "google_compute_instance_template",
      "name": "wa-instance-temp",
      "provider": "provider[\"registry.terraform.io/hashicorp/google\"]",
      "instances": [
        {
          "schema_version": 1,
          "attributes": {
            "advanced_machine_features": [],
            "can_ip_forward": false,
            "confidential_instance_config": null,
            "description": "instance template for workover analytics instance template",
            "disk": [
              {
                "auto_delete": true,
                "boot": true,
                "device_name": "persistent-disk-0",
                "disk_encryption_key": [],
                "disk_name": "",
                "disk_size_gb": 0,
                "disk_type": "pd-balanced",
                "interface": "SCSI",
                "labels": null,
                "mode": "READ_WRITE",
                "resource_policies": null,
                "source": "",
                "source_image": "projects/testing-project-371619/global/images/animo-backend-image-poc-new",
                "source_image_encryption_key": [],
                "source_snapshot": "",
                "source_snapshot_encryption_key": [],
                "type": "PERSISTENT"
              }
            ],
            "guest_accelerator": [],
            "id": "projects/testing-project-371619/global/instanceTemplates/testing-partner-12-workover-analytics-template-3-0-0-66ff851",
            "instance_description": "This template is created for Backend api instance group redis",
            "labels": {
              "service": "testing-partner-12-workover-analytics-template-3-0-0",
              "version": "v1-66ff851"
            },
            "machine_type": "e2-medium",
            "metadata": {
              "block-project-ssh-keys": "false",
              "version": "v1-66ff851"
            },
            "metadata_fingerprint": "b4p-EHy4mjY=",
            "metadata_startup_script": "#!/bin/bash\ndir=\"/var/www/html/Animo-Backend\"\nif [ ! -d \"$dir\" ]; then\n    gcloud secrets versions access latest --secret=backend_id_rsa \u003e\u003e ~/.ssh/id_rsa;   \n    gcloud secrets versions access latest --secret=backend_id_rsa_pub \u003e\u003e ~/.ssh/id_rsa.pub;\n    chmod 600 ~/.ssh/id_rsa;\n    chmod 600 ~/.ssh/id_rsa.pub; \n    cd /var/www/html/;\n    sudo chown -R mngoga:mngoga /var/www/;\n    ssh-keyscan github.com \u003e\u003e ~/.ssh/known_hosts;\n    eval $(ssh-agent);\n    ssh-add ~/.ssh/id_rsa;\n    git clone git@github.com:Astra-Innovations/Animo-Backend.git;\n    cd /var/www/html/Animo-Backend/backend;\n    git checkout;\n    git pull;\n    git checkout Upgrade-libraries;\n    git pull;\n    python -m venv env;\n    . env/bin/activate;\n    pip install -r requirements.txt --use-pep517;\n    cd /var/www/html/Animo-Backend/backend/astra;\n    chmod u+x /var/www/html/Animo-Backend/backend/astra/vm_creation_script.py;\n    python3 /var/www/html/Animo-Backend/backend/astra/vm_creation_script.py;\n    sh -c \"echo \\\"MACHINE_TYPE='Workover Analytics'\\\" \u003e\u003e /var/www/html/Animo-Backend/backend/astra/.env\";\n    sh -c \"echo \\\"DEPLOYMENT_TIER='TESTING'\\\" \u003e\u003e /var/www/html/Animo-Backend/backend/astra/.env\";\n    sh -c \"echo \\\"PARTNER_ID=12\\\" \u003e\u003e /var/www/html/Animo-Backend/backend/astra/.env\";\n    sh -c \"echo \\\"WITSML_CONNECTION_ID=1\\\" \u003e\u003e /var/www/html/Animo-Backend/backend/astra/.env\";\n    sudo chown -R www-data:www-data /var/www/html/; \n    sudo a2enmod rewrite;\n    sudo a2enmod proxy_http;\n    sudo service apache2 restart;\n    sudo a2enmod ssl;\n    sudo openssl req -x509 -nodes -days 365 -newkey rsa:2048 -keyout /etc/ssl/private/apache-selfsigned.key -out /etc/ssl/certs/apache-selfsigned.crt -subj \"/C=US/ST=Texas/L=Houston/O=My Organization/OU=My Department/CN=animo-ap.pro/emailAddress=contact@astra-ai.com\";\n    sudo a2ensite 000-default-ssl;\n    sudo service apache2 restart;\n    sudo apt-get update -y \u0026\u0026 sudo apt-get upgrade -y;\n    fi\n",
            "min_cpu_platform": "",
            "name": "testing-partner-12-workover-analytics-template-3-0-0-66ff851",
            "name_prefix": null,
            "network_interface": [
              {
                "access_config": [
                  {
                    "nat_ip": "",
                    "network_tier": "PREMIUM",
                    "public_ptr_domain_name": ""
                  }
                ],
                "alias_ip_range": [],
                "ipv6_access_config": [],
                "ipv6_access_type": "",
                "name": "nic0",
                "network": "https://www.googleapis.com/compute/v1/projects/testing-project-371619/global/networks/default",
                "network_ip": "",
                "nic_type": "",
                "queue_count": 0,
                "stack_type": "",
                "subnetwork": "",
                "subnetwork_project": ""
              }
            ],
            "project": "testing-project-371619",
            "region": null,
            "reservation_affinity": [],
            "resource_policies": null,
            "scheduling": [
              {
                "automatic_restart": true,
                "instance_termination_action": "",
                "min_node_cpus": 0,
                "node_affinities": [],
                "on_host_maintenance": "MIGRATE",
                "preemptible": false,
                "provisioning_model": "STANDARD"
              }
            ],
            "self_link": "https://www.googleapis.com/compute/v1/projects/testing-project-371619/global/instanceTemplates/testing-partner-12-workover-analytics-template-3-0-0-66ff851",
            "self_link_unique": "https://www.googleapis.com/compute/v1/projects/testing-project-371619/global/instanceTemplates/testing-partner-12-workover-analytics-template-3-0-0-66ff851?uniqueId=5786916071634675266",
            "service_account": [
              {
                "email": "secret-manager-account@testing-project-371619.iam.gserviceaccount.com",
                "scopes": [
                  "https://www.googleapis.com/auth/cloud-platform"
                ]
              }
            ],
            "shielded_instance_config": [],
            "tags": [
              "backend",
              "http-server",
              "https-server"
            ],
            "tags_fingerprint": "",
            "timeouts": null
          },
          "sensitive_attributes": [],
          "private": "eyJlMmJmYjczMC1lY2FhLTExZTYtOGY4OC0zNDM2M2JjN2M0YzAiOnsiY3JlYXRlIjoyNDAwMDAwMDAwMDAsImRlbGV0ZSI6MjQwMDAwMDAwMDAwfSwic2NoZW1hX3ZlcnNpb24iOiIxIn0=",
          "dependencies": [
            "data.local_file.stdout",
            "null_resource.std"
          ],
          "create_before_destroy": true
        }
      ]
    },
    {
      "mode": "managed",
      "type": "google_compute_region_backend_service",
      "name": "wa-backend",
      "provider": "provider[\"registry.terraform.io/hashicorp/google\"]",
      "instances": [
        {
          "schema_version": 1,
          "attributes": {
            "affinity_cookie_ttl_sec": 0,
            "backend": [
              {
                "balancing_mode": "CONNECTION",
                "capacity_scaler": 0,
                "description": "",
                "failover": false,
                "group": "https://www.googleapis.com/compute/v1/projects/testing-project-371619/zones/us-central1-a/instanceGroups/testing-partner-12-workover-analytics-group-66ff851",
                "max_connections": 0,
                "max_connections_per_endpoint": 0,
                "max_connections_per_instance": 0,
                "max_rate": 0,
                "max_rate_per_endpoint": 0,
                "max_rate_per_instance": 0,
                "max_utilization": 0
              }
            ],
            "cdn_policy": [],
            "circuit_breakers": [],
            "connection_draining_timeout_sec": 0,
            "consistent_hash": [],
            "creation_timestamp": "2023-05-17T11:11:26.337-07:00",
            "description": "",
            "enable_cdn": false,
            "failover_policy": [],
            "fingerprint": "Eg51-ohNLKs=",
            "health_checks": [
              "projects/testing-project-371619/global/healthChecks/wa-health-checks"
            ],
            "iap": [],
            "id": "projects/testing-project-371619/regions/us-central1/backendServices/partner-12-workover-analytics-load-balancer-wa-backend",
            "load_balancing_scheme": "INTERNAL",
            "locality_lb_policy": "",
            "log_config": [],
            "name": "partner-12-workover-analytics-load-balancer-wa-backend",
            "network": "",
            "outlier_detection": [],
            "port_name": "",
            "project": "testing-project-371619",
            "protocol": "TCP",
            "region": "us-central1",
            "self_link": "https://www.googleapis.com/compute/v1/projects/testing-project-371619/regions/us-central1/backendServices/partner-12-workover-analytics-load-balancer-wa-backend",
            "session_affinity": "NONE",
            "timeout_sec": 30,
            "timeouts": null
          },
          "sensitive_attributes": [],
          "private": "eyJlMmJmYjczMC1lY2FhLTExZTYtOGY4OC0zNDM2M2JjN2M0YzAiOnsiY3JlYXRlIjoxMjAwMDAwMDAwMDAwLCJkZWxldGUiOjEyMDAwMDAwMDAwMDAsInVwZGF0ZSI6MTIwMDAwMDAwMDAwMH0sInNjaGVtYV92ZXJzaW9uIjoiMSJ9",
          "dependencies": [
            "data.local_file.stdout",
            "google_compute_health_check.wa-https-health-check",
            "google_compute_instance_group_manager.wa-instance-grp-manager",
            "google_compute_instance_template.wa-instance-temp",
            "null_resource.std"
          ]
        }
      ]
    },
    {
      "mode": "managed",
      "type": "null_resource",
      "name": "std",
      "provider": "provider[\"registry.terraform.io/hashicorp/null\"]",
      "instances": [
        {
          "schema_version": 0,
          "attributes": {
            "id": "2921737792783649023",
            "triggers": {
              "always_run": "2023-05-17T18:10:52Z"
            }
          },
          "sensitive_attributes": [],
          "create_before_destroy": true
        }
      ]
    }
  ],
  "check_results": null
}
